
Microsoft Visual Studio Solution File, Format Version 12.00
# Visual Studio Version 17
VisualStudioVersion = 17.11.35222.181
MinimumVisualStudioVersion = 10.0.40219.1
Project("{9A19103F-16F7-4668-BE54-9A1E7A4F7556}") = "Rebel.Alliance.Canary", "Rebel.Alliance.Canary\Rebel.Alliance.Canary.csproj", "{E0B5E2AD-3A0B-40DB-A915-894566A3D087}"
EndProject
Project("{2150E333-8FDC-42A3-9474-1A3956D46DE8}") = "Canary", "Canary", "{36A513CF-C0B9-46B8-BC8C-2D791488D0F0}"
EndProject
Project("{9A19103F-16F7-4668-BE54-9A1E7A4F7556}") = "Rebel.Alliance.Canary.InMemoryActor.Tests", "Rebel.Alliance.Canary.Test\Rebel.Alliance.Canary.InMemoryActor.Tests.csproj", "{11A68871-1A50-4668-8ADA-02A3B52255F1}"
EndProject
Project("{9A19103F-16F7-4668-BE54-9A1E7A4F7556}") = "Rebel.Alliance.Canary.InMemoryActorFramework", "Rebel.Alliance.Canary.InMemoryActorFramework\Rebel.Alliance.Canary.InMemoryActorFramework.csproj", "{E8E52F3A-56D5-435A-B237-D24657CA76FB}"
EndProject
Project("{2150E333-8FDC-42A3-9474-1A3956D46DE8}") = "InMemoryActorFramework", "InMemoryActorFramework", "{0764C17A-750A-4E82-A1C3-9C59EFFBA628}"
EndProject
Project("{9A19103F-16F7-4668-BE54-9A1E7A4F7556}") = "Rebel.Alliance.Canary.Verfiable.Credentials", "Rebel.Alliance.Canary.Verfiable.Credentials\Rebel.Alliance.Canary.Verfiable.Credentials\Rebel.Alliance.Canary.Verfiable.Credentials.csproj", "{B6E8CC5B-6411-4CEE-B180-0028AD6B0E89}"
EndProject
Project("{2150E333-8FDC-42A3-9474-1A3956D46DE8}") = "Verifiable", "Verifiable", "{416DAF3D-2AB0-428D-BB0C-A2BA62462442}"
EndProject
Project("{2150E333-8FDC-42A3-9474-1A3956D46DE8}") = "Solution Items", "Solution Items", "{3966956C-E356-488F-941B-D3C935A5F465}"
EndProject
Global
	GlobalSection(SolutionConfigurationPlatforms) = preSolution
		Debug|Any CPU = Debug|Any CPU
		Release|Any CPU = Release|Any CPU
	EndGlobalSection
	GlobalSection(ProjectConfigurationPlatforms) = postSolution
		{E0B5E2AD-3A0B-40DB-A915-894566A3D087}.Debug|Any CPU.ActiveCfg = Debug|Any CPU
		{E0B5E2AD-3A0B-40DB-A915-894566A3D087}.Debug|Any CPU.Build.0 = Debug|Any CPU
		{E0B5E2AD-3A0B-40DB-A915-894566A3D087}.Release|Any CPU.ActiveCfg = Release|Any CPU
		{E0B5E2AD-3A0B-40DB-A915-894566A3D087}.Release|Any CPU.Build.0 = Release|Any CPU
		{11A68871-1A50-4668-8ADA-02A3B52255F1}.Debug|Any CPU.ActiveCfg = Debug|Any CPU
		{11A68871-1A50-4668-8ADA-02A3B52255F1}.Debug|Any CPU.Build.0 = Debug|Any CPU
		{11A68871-1A50-4668-8ADA-02A3B52255F1}.Release|Any CPU.ActiveCfg = Release|Any CPU
		{11A68871-1A50-4668-8ADA-02A3B52255F1}.Release|Any CPU.Build.0 = Release|Any CPU
		{E8E52F3A-56D5-435A-B237-D24657CA76FB}.Debug|Any CPU.ActiveCfg = Debug|Any CPU
		{E8E52F3A-56D5-435A-B237-D24657CA76FB}.Debug|Any CPU.Build.0 = Debug|Any CPU
		{E8E52F3A-56D5-435A-B237-D24657CA76FB}.Release|Any CPU.ActiveCfg = Release|Any CPU
		{E8E52F3A-56D5-435A-B237-D24657CA76FB}.Release|Any CPU.Build.0 = Release|Any CPU
		{B6E8CC5B-6411-4CEE-B180-0028AD6B0E89}.Debug|Any CPU.ActiveCfg = Debug|Any CPU
		{B6E8CC5B-6411-4CEE-B180-0028AD6B0E89}.Debug|Any CPU.Build.0 = Debug|Any CPU
		{B6E8CC5B-6411-4CEE-B180-0028AD6B0E89}.Release|Any CPU.ActiveCfg = Release|Any CPU
		{B6E8CC5B-6411-4CEE-B180-0028AD6B0E89}.Release|Any CPU.Build.0 = Release|Any CPU
	EndGlobalSection
	GlobalSection(SolutionProperties) = preSolution
		HideSolutionNode = FALSE
	EndGlobalSection
	GlobalSection(NestedProjects) = preSolution
		{E0B5E2AD-3A0B-40DB-A915-894566A3D087} = {36A513CF-C0B9-46B8-BC8C-2D791488D0F0}
		{11A68871-1A50-4668-8ADA-02A3B52255F1} = {0764C17A-750A-4E82-A1C3-9C59EFFBA628}
		{E8E52F3A-56D5-435A-B237-D24657CA76FB} = {0764C17A-750A-4E82-A1C3-9C59EFFBA628}
		{B6E8CC5B-6411-4CEE-B180-0028AD6B0E89} = {416DAF3D-2AB0-428D-BB0C-A2BA62462442}
	EndGlobalSection
	GlobalSection(ExtensibilityGlobals) = postSolution
		SolutionGuid = {08BE26BE-C599-45EA-A6B4-EB6F6D4D53E2}
	EndGlobalSection
EndGlobal
